
Microsoft Visual Studio Solution File, Format Version 12.00
# Visual Studio Version 17
VisualStudioVersion = 17.6.33801.468
MinimumVisualStudioVersion = 10.0.40219.1
Project("{9A19103F-16F7-4668-BE54-9A1E7A4F7556}") = "MCLevelEdit", "MCLevelEdit.csproj", "{AD143B86-E3D3-4418-B27E-3DF190FBC7A6}"
EndProject
Project("{9A19103F-16F7-4668-BE54-9A1E7A4F7556}") = "MCLevelEdit.Desktop", "..\MCLevelEdit.Desktop\MCLevelEdit.Desktop.csproj", "{A9EBEC2A-CABA-4508-83CC-5BAA931FBA49}"
EndProject
Project("{FAE04EC0-301F-11D3-BF4B-00C04F79EFBC}") = "MCLevelEdit.Test", "..\MCLevelEdit.Test\MCLevelEdit.Test.csproj", "{EF0516AA-9365-467F-8429-FD548366A6CA}"
EndProject
Global
	GlobalSection(SolutionConfigurationPlatforms) = preSolution
		Debug|Any CPU = Debug|Any CPU
		Release|Any CPU = Release|Any CPU
	EndGlobalSection
	GlobalSection(ProjectConfigurationPlatforms) = postSolution
		{AD143B86-E3D3-4418-B27E-3DF190FBC7A6}.Debug|Any CPU.ActiveCfg = Debug|Any CPU
		{AD143B86-E3D3-4418-B27E-3DF190FBC7A6}.Debug|Any CPU.Build.0 = Debug|Any CPU
		{AD143B86-E3D3-4418-B27E-3DF190FBC7A6}.Release|Any CPU.ActiveCfg = Release|Any CPU
		{AD143B86-E3D3-4418-B27E-3DF190FBC7A6}.Release|Any CPU.Build.0 = Release|Any CPU
		{A9EBEC2A-CABA-4508-83CC-5BAA931FBA49}.Debug|Any CPU.ActiveCfg = Debug|Any CPU
		{A9EBEC2A-CABA-4508-83CC-5BAA931FBA49}.Debug|Any CPU.Build.0 = Debug|Any CPU
		{A9EBEC2A-CABA-4508-83CC-5BAA931FBA49}.Release|Any CPU.ActiveCfg = Release|Any CPU
		{A9EBEC2A-CABA-4508-83CC-5BAA931FBA49}.Release|Any CPU.Build.0 = Release|Any CPU
		{EF0516AA-9365-467F-8429-FD548366A6CA}.Debug|Any CPU.ActiveCfg = Debug|Any CPU
		{EF0516AA-9365-467F-8429-FD548366A6CA}.Debug|Any CPU.Build.0 = Debug|Any CPU
		{EF0516AA-9365-467F-8429-FD548366A6CA}.Release|Any CPU.ActiveCfg = Release|Any CPU
		{EF0516AA-9365-467F-8429-FD548366A6CA}.Release|Any CPU.Build.0 = Release|Any CPU
	EndGlobalSection
	GlobalSection(SolutionProperties) = preSolution
		HideSolutionNode = FALSE
	EndGlobalSection
	GlobalSection(ExtensibilityGlobals) = postSolution
		SolutionGuid = {803A3B44-731F-4454-9BD9-24B901164E03}
	EndGlobalSection
EndGlobal
